
Microsoft Visual Studio Solution File, Format Version 12.00
# Visual Studio Version 16
VisualStudioVersion = 16.0.810.5
MinimumVisualStudioVersion = 10.0.40219.1
Project("{FAE04EC0-301F-11D3-BF4B-00C04F79EFBC}") = "Week2Assignment_", "Week2Assignment_.csproj", "{D0BE2C86-65AF-49EA-876F-EB438442BE42}"
EndProject
Global
	GlobalSection(SolutionConfigurationPlatforms) = preSolution
		Debug|Any CPU = Debug|Any CPU
		Release|Any CPU = Release|Any CPU
	EndGlobalSection
	GlobalSection(ProjectConfigurationPlatforms) = postSolution
		{D0BE2C86-65AF-49EA-876F-EB438442BE42}.Debug|Any CPU.ActiveCfg = Debug|Any CPU
		{D0BE2C86-65AF-49EA-876F-EB438442BE42}.Debug|Any CPU.Build.0 = Debug|Any CPU
		{D0BE2C86-65AF-49EA-876F-EB438442BE42}.Release|Any CPU.ActiveCfg = Release|Any CPU
		{D0BE2C86-65AF-49EA-876F-EB438442BE42}.Release|Any CPU.Build.0 = Release|Any CPU
	EndGlobalSection
	GlobalSection(SolutionProperties) = preSolution
		HideSolutionNode = FALSE
	EndGlobalSection
	GlobalSection(ExtensibilityGlobals) = postSolution
		SolutionGuid = {4CC389AF-F305-4E04-AC2D-8F9A1F0BED8F}
	EndGlobalSection
EndGlobal
